// !$*UTF8*$!
{
	archiveVersion = 1;
	classes = {
	};
	objectVersion = 56;
	objects = {

/* Begin PBXBuildFile section */
		14F8A5E83A8CD4D519E280E4 /* Pods_GoodNews.framework in Frameworks */ = {isa = PBXBuildFile; fileRef = 1FA191035495076255376566 /* Pods_GoodNews.framework */; };
		3C90F7202A13600C00032D78 /* ArticleTableViewCell.swift in Sources */ = {isa = PBXBuildFile; fileRef = 3C90F71F2A13600C00032D78 /* ArticleTableViewCell.swift */; };
		3C90F7222A13681900032D78 /* URLRequest+Extension.swift in Sources */ = {isa = PBXBuildFile; fileRef = 3C90F7212A13681900032D78 /* URLRequest+Extension.swift */; };
		3C99A0022A127CDD005A5CB1 /* NewsListTableViewController.swift in Sources */ = {isa = PBXBuildFile; fileRef = 3C99A0012A127CDD005A5CB1 /* NewsListTableViewController.swift */; };
		3C99A0052A12917F005A5CB1 /* Article.swift in Sources */ = {isa = PBXBuildFile; fileRef = 3C99A0042A12917F005A5CB1 /* Article.swift */; };
		3CC094A92A1277D0004E1715 /* AppDelegate.swift in Sources */ = {isa = PBXBuildFile; fileRef = 3CC094A82A1277D0004E1715 /* AppDelegate.swift */; };
		3CC094AB2A1277D0004E1715 /* SceneDelegate.swift in Sources */ = {isa = PBXBuildFile; fileRef = 3CC094AA2A1277D0004E1715 /* SceneDelegate.swift */; };
		3CC094B02A1277D0004E1715 /* Main.storyboard in Resources */ = {isa = PBXBuildFile; fileRef = 3CC094AE2A1277D0004E1715 /* Main.storyboard */; };
		3CC094B22A1277D1004E1715 /* Assets.xcassets in Resources */ = {isa = PBXBuildFile; fileRef = 3CC094B12A1277D1004E1715 /* Assets.xcassets */; };
		3CC094B52A1277D1004E1715 /* LaunchScreen.storyboard in Resources */ = {isa = PBXBuildFile; fileRef = 3CC094B32A1277D1004E1715 /* LaunchScreen.storyboard */; };
		3CC094C02A1277D1004E1715 /* GoodNewsTests.swift in Sources */ = {isa = PBXBuildFile; fileRef = 3CC094BF2A1277D1004E1715 /* GoodNewsTests.swift */; };
		3CC094CA2A1277D1004E1715 /* GoodNewsUITests.swift in Sources */ = {isa = PBXBuildFile; fileRef = 3CC094C92A1277D1004E1715 /* GoodNewsUITests.swift */; };
		3CC094CC2A1277D1004E1715 /* GoodNewsUITestsLaunchTests.swift in Sources */ = {isa = PBXBuildFile; fileRef = 3CC094CB2A1277D1004E1715 /* GoodNewsUITestsLaunchTests.swift */; };
		629C1FBC78C20EF94CAF7336 /* Pods_GoodNews_GoodNewsUITests.framework in Frameworks */ = {isa = PBXBuildFile; fileRef = 40748621C1C438B6C52D6476 /* Pods_GoodNews_GoodNewsUITests.framework */; };
		B224606C493B716E2A93BBF8 /* Pods_GoodNewsTests.framework in Frameworks */ = {isa = PBXBuildFile; fileRef = D8808562C6433806867DEEC6 /* Pods_GoodNewsTests.framework */; };
/* End PBXBuildFile section */

/* Begin PBXContainerItemProxy section */
		3CC094BC2A1277D1004E1715 /* PBXContainerItemProxy */ = {
			isa = PBXContainerItemProxy;
			containerPortal = 3CC0949D2A1277D0004E1715 /* Project object */;
			proxyType = 1;
			remoteGlobalIDString = 3CC094A42A1277D0004E1715;
			remoteInfo = GoodNews;
		};
		3CC094C62A1277D1004E1715 /* PBXContainerItemProxy */ = {
			isa = PBXContainerItemProxy;
			containerPortal = 3CC0949D2A1277D0004E1715 /* Project object */;
			proxyType = 1;
			remoteGlobalIDString = 3CC094A42A1277D0004E1715;
			remoteInfo = GoodNews;
		};
/* End PBXContainerItemProxy section */

/* Begin PBXFileReference section */
		0E668EA3EBB0991AAA3682D9 /* Pods-GoodNews-GoodNewsUITests.debug.xcconfig */ = {isa = PBXFileReference; includeInIndex = 1; lastKnownFileType = text.xcconfig; name = "Pods-GoodNews-GoodNewsUITests.debug.xcconfig"; path = "Target Support Files/Pods-GoodNews-GoodNewsUITests/Pods-GoodNews-GoodNewsUITests.debug.xcconfig"; sourceTree = "<group>"; };
		13E4CCB37A1FC574AB12AB27 /* Pods-GoodNews.release.xcconfig */ = {isa = PBXFileReference; includeInIndex = 1; lastKnownFileType = text.xcconfig; name = "Pods-GoodNews.release.xcconfig"; path = "Target Support Files/Pods-GoodNews/Pods-GoodNews.release.xcconfig"; sourceTree = "<group>"; };
		1ADDB8AFB0350DAA576C7C5F /* Pods-GoodNews-GoodNewsUITests.release.xcconfig */ = {isa = PBXFileReference; includeInIndex = 1; lastKnownFileType = text.xcconfig; name = "Pods-GoodNews-GoodNewsUITests.release.xcconfig"; path = "Target Support Files/Pods-GoodNews-GoodNewsUITests/Pods-GoodNews-GoodNewsUITests.release.xcconfig"; sourceTree = "<group>"; };
		1FA191035495076255376566 /* Pods_GoodNews.framework */ = {isa = PBXFileReference; explicitFileType = wrapper.framework; includeInIndex = 0; path = Pods_GoodNews.framework; sourceTree = BUILT_PRODUCTS_DIR; };
		3C90F71F2A13600C00032D78 /* ArticleTableViewCell.swift */ = {isa = PBXFileReference; lastKnownFileType = sourcecode.swift; path = ArticleTableViewCell.swift; sourceTree = "<group>"; };
		3C90F7212A13681900032D78 /* URLRequest+Extension.swift */ = {isa = PBXFileReference; lastKnownFileType = sourcecode.swift; path = "URLRequest+Extension.swift"; sourceTree = "<group>"; };
		3C99A0012A127CDD005A5CB1 /* NewsListTableViewController.swift */ = {isa = PBXFileReference; lastKnownFileType = sourcecode.swift; path = NewsListTableViewController.swift; sourceTree = "<group>"; };
		3C99A0042A12917F005A5CB1 /* Article.swift */ = {isa = PBXFileReference; lastKnownFileType = sourcecode.swift; path = Article.swift; sourceTree = "<group>"; };
		3CC094A52A1277D0004E1715 /* GoodNews.app */ = {isa = PBXFileReference; explicitFileType = wrapper.application; includeInIndex = 0; path = GoodNews.app; sourceTree = BUILT_PRODUCTS_DIR; };
		3CC094A82A1277D0004E1715 /* AppDelegate.swift */ = {isa = PBXFileReference; lastKnownFileType = sourcecode.swift; path = AppDelegate.swift; sourceTree = "<group>"; };
		3CC094AA2A1277D0004E1715 /* SceneDelegate.swift */ = {isa = PBXFileReference; lastKnownFileType = sourcecode.swift; path = SceneDelegate.swift; sourceTree = "<group>"; };
		3CC094AF2A1277D0004E1715 /* Base */ = {isa = PBXFileReference; lastKnownFileType = file.storyboard; name = Base; path = Base.lproj/Main.storyboard; sourceTree = "<group>"; };
		3CC094B12A1277D1004E1715 /* Assets.xcassets */ = {isa = PBXFileReference; lastKnownFileType = folder.assetcatalog; path = Assets.xcassets; sourceTree = "<group>"; };
		3CC094B42A1277D1004E1715 /* Base */ = {isa = PBXFileReference; lastKnownFileType = file.storyboard; name = Base; path = Base.lproj/LaunchScreen.storyboard; sourceTree = "<group>"; };
		3CC094B62A1277D1004E1715 /* Info.plist */ = {isa = PBXFileReference; lastKnownFileType = text.plist.xml; path = Info.plist; sourceTree = "<group>"; };
		3CC094BB2A1277D1004E1715 /* GoodNewsTests.xctest */ = {isa = PBXFileReference; explicitFileType = wrapper.cfbundle; includeInIndex = 0; path = GoodNewsTests.xctest; sourceTree = BUILT_PRODUCTS_DIR; };
		3CC094BF2A1277D1004E1715 /* GoodNewsTests.swift */ = {isa = PBXFileReference; lastKnownFileType = sourcecode.swift; path = GoodNewsTests.swift; sourceTree = "<group>"; };
		3CC094C52A1277D1004E1715 /* GoodNewsUITests.xctest */ = {isa = PBXFileReference; explicitFileType = wrapper.cfbundle; includeInIndex = 0; path = GoodNewsUITests.xctest; sourceTree = BUILT_PRODUCTS_DIR; };
		3CC094C92A1277D1004E1715 /* GoodNewsUITests.swift */ = {isa = PBXFileReference; lastKnownFileType = sourcecode.swift; path = GoodNewsUITests.swift; sourceTree = "<group>"; };
		3CC094CB2A1277D1004E1715 /* GoodNewsUITestsLaunchTests.swift */ = {isa = PBXFileReference; lastKnownFileType = sourcecode.swift; path = GoodNewsUITestsLaunchTests.swift; sourceTree = "<group>"; };
		40748621C1C438B6C52D6476 /* Pods_GoodNews_GoodNewsUITests.framework */ = {isa = PBXFileReference; explicitFileType = wrapper.framework; includeInIndex = 0; path = Pods_GoodNews_GoodNewsUITests.framework; sourceTree = BUILT_PRODUCTS_DIR; };
		55A772127B1DB3F77E0CE946 /* Pods-GoodNews.debug.xcconfig */ = {isa = PBXFileReference; includeInIndex = 1; lastKnownFileType = text.xcconfig; name = "Pods-GoodNews.debug.xcconfig"; path = "Target Support Files/Pods-GoodNews/Pods-GoodNews.debug.xcconfig"; sourceTree = "<group>"; };
		7597B7EBDF9C137D09667B2F /* Pods-GoodNewsTests.release.xcconfig */ = {isa = PBXFileReference; includeInIndex = 1; lastKnownFileType = text.xcconfig; name = "Pods-GoodNewsTests.release.xcconfig"; path = "Target Support Files/Pods-GoodNewsTests/Pods-GoodNewsTests.release.xcconfig"; sourceTree = "<group>"; };
		75C0ACDDF7815706453E7EB7 /* Pods-GoodNewsTests.debug.xcconfig */ = {isa = PBXFileReference; includeInIndex = 1; lastKnownFileType = text.xcconfig; name = "Pods-GoodNewsTests.debug.xcconfig"; path = "Target Support Files/Pods-GoodNewsTests/Pods-GoodNewsTests.debug.xcconfig"; sourceTree = "<group>"; };
		D8808562C6433806867DEEC6 /* Pods_GoodNewsTests.framework */ = {isa = PBXFileReference; explicitFileType = wrapper.framework; includeInIndex = 0; path = Pods_GoodNewsTests.framework; sourceTree = BUILT_PRODUCTS_DIR; };
/* End PBXFileReference section */

/* Begin PBXFrameworksBuildPhase section */
		3CC094A22A1277D0004E1715 /* Frameworks */ = {
			isa = PBXFrameworksBuildPhase;
			buildActionMask = 2147483647;
			files = (
				14F8A5E83A8CD4D519E280E4 /* Pods_GoodNews.framework in Frameworks */,
			);
			runOnlyForDeploymentPostprocessing = 0;
		};
		3CC094B82A1277D1004E1715 /* Frameworks */ = {
			isa = PBXFrameworksBuildPhase;
			buildActionMask = 2147483647;
			files = (
				B224606C493B716E2A93BBF8 /* Pods_GoodNewsTests.framework in Frameworks */,
			);
			runOnlyForDeploymentPostprocessing = 0;
		};
		3CC094C22A1277D1004E1715 /* Frameworks */ = {
			isa = PBXFrameworksBuildPhase;
			buildActionMask = 2147483647;
			files = (
				629C1FBC78C20EF94CAF7336 /* Pods_GoodNews_GoodNewsUITests.framework in Frameworks */,
			);
			runOnlyForDeploymentPostprocessing = 0;
		};
/* End PBXFrameworksBuildPhase section */

/* Begin PBXGroup section */
		3C90F71E2A135FFC00032D78 /* Views */ = {
			isa = PBXGroup;
			children = (
				3C90F71F2A13600C00032D78 /* ArticleTableViewCell.swift */,
			);
			path = Views;
			sourceTree = "<group>";
		};
		3C90F7232A13681D00032D78 /* Extensions */ = {
			isa = PBXGroup;
			children = (
				3C90F7212A13681900032D78 /* URLRequest+Extension.swift */,
			);
			path = Extensions;
			sourceTree = "<group>";
		};
		3C99A0002A127CCE005A5CB1 /* Controllers */ = {
			isa = PBXGroup;
			children = (
				3C99A0012A127CDD005A5CB1 /* NewsListTableViewController.swift */,
			);
			path = Controllers;
			sourceTree = "<group>";
		};
		3C99A0032A12916C005A5CB1 /* Models */ = {
			isa = PBXGroup;
			children = (
				3C99A0042A12917F005A5CB1 /* Article.swift */,
			);
			path = Models;
			sourceTree = "<group>";
		};
		3CC0949C2A1277D0004E1715 = {
			isa = PBXGroup;
			children = (
				3CC094A72A1277D0004E1715 /* GoodNews */,
				3CC094BE2A1277D1004E1715 /* GoodNewsTests */,
				3CC094C82A1277D1004E1715 /* GoodNewsUITests */,
				3CC094A62A1277D0004E1715 /* Products */,
				679B566F048598A8B6371AB2 /* Pods */,
				DF51E9C312A8E056485FA9FA /* Frameworks */,
			);
			sourceTree = "<group>";
		};
		3CC094A62A1277D0004E1715 /* Products */ = {
			isa = PBXGroup;
			children = (
				3CC094A52A1277D0004E1715 /* GoodNews.app */,
				3CC094BB2A1277D1004E1715 /* GoodNewsTests.xctest */,
				3CC094C52A1277D1004E1715 /* GoodNewsUITests.xctest */,
			);
			name = Products;
			sourceTree = "<group>";
		};
		3CC094A72A1277D0004E1715 /* GoodNews */ = {
			isa = PBXGroup;
			children = (
				3C90F7232A13681D00032D78 /* Extensions */,
				3C90F71E2A135FFC00032D78 /* Views */,
				3C99A0032A12916C005A5CB1 /* Models */,
				3C99A0002A127CCE005A5CB1 /* Controllers */,
				3CC094A82A1277D0004E1715 /* AppDelegate.swift */,
				3CC094AA2A1277D0004E1715 /* SceneDelegate.swift */,
				3CC094AE2A1277D0004E1715 /* Main.storyboard */,
				3CC094B12A1277D1004E1715 /* Assets.xcassets */,
				3CC094B32A1277D1004E1715 /* LaunchScreen.storyboard */,
				3CC094B62A1277D1004E1715 /* Info.plist */,
			);
			path = GoodNews;
			sourceTree = "<group>";
		};
		3CC094BE2A1277D1004E1715 /* GoodNewsTests */ = {
			isa = PBXGroup;
			children = (
				3CC094BF2A1277D1004E1715 /* GoodNewsTests.swift */,
			);
			path = GoodNewsTests;
			sourceTree = "<group>";
		};
		3CC094C82A1277D1004E1715 /* GoodNewsUITests */ = {
			isa = PBXGroup;
			children = (
				3CC094C92A1277D1004E1715 /* GoodNewsUITests.swift */,
				3CC094CB2A1277D1004E1715 /* GoodNewsUITestsLaunchTests.swift */,
			);
			path = GoodNewsUITests;
			sourceTree = "<group>";
		};
		679B566F048598A8B6371AB2 /* Pods */ = {
			isa = PBXGroup;
			children = (
				55A772127B1DB3F77E0CE946 /* Pods-GoodNews.debug.xcconfig */,
				13E4CCB37A1FC574AB12AB27 /* Pods-GoodNews.release.xcconfig */,
				0E668EA3EBB0991AAA3682D9 /* Pods-GoodNews-GoodNewsUITests.debug.xcconfig */,
				1ADDB8AFB0350DAA576C7C5F /* Pods-GoodNews-GoodNewsUITests.release.xcconfig */,
				75C0ACDDF7815706453E7EB7 /* Pods-GoodNewsTests.debug.xcconfig */,
				7597B7EBDF9C137D09667B2F /* Pods-GoodNewsTests.release.xcconfig */,
			);
			path = Pods;
			sourceTree = "<group>";
		};
		DF51E9C312A8E056485FA9FA /* Frameworks */ = {
			isa = PBXGroup;
			children = (
				1FA191035495076255376566 /* Pods_GoodNews.framework */,
				40748621C1C438B6C52D6476 /* Pods_GoodNews_GoodNewsUITests.framework */,
				D8808562C6433806867DEEC6 /* Pods_GoodNewsTests.framework */,
			);
			name = Frameworks;
			sourceTree = "<group>";
		};
/* End PBXGroup section */

/* Begin PBXNativeTarget section */
		3CC094A42A1277D0004E1715 /* GoodNews */ = {
			isa = PBXNativeTarget;
			buildConfigurationList = 3CC094CF2A1277D1004E1715 /* Build configuration list for PBXNativeTarget "GoodNews" */;
			buildPhases = (
				59B4F1C0C76FD1C499D5BDA0 /* [CP] Check Pods Manifest.lock */,
				3CC094A12A1277D0004E1715 /* Sources */,
				3CC094A22A1277D0004E1715 /* Frameworks */,
				3CC094A32A1277D0004E1715 /* Resources */,
				5C39AE1C559D640FB5CAE83E /* [CP] Embed Pods Frameworks */,
			);
			buildRules = (
			);
			dependencies = (
			);
			name = GoodNews;
			productName = GoodNews;
			productReference = 3CC094A52A1277D0004E1715 /* GoodNews.app */;
			productType = "com.apple.product-type.application";
		};
		3CC094BA2A1277D1004E1715 /* GoodNewsTests */ = {
			isa = PBXNativeTarget;
			buildConfigurationList = 3CC094D22A1277D1004E1715 /* Build configuration list for PBXNativeTarget "GoodNewsTests" */;
			buildPhases = (
				DC9B865147B78A880A22B0FF /* [CP] Check Pods Manifest.lock */,
				3CC094B72A1277D1004E1715 /* Sources */,
				3CC094B82A1277D1004E1715 /* Frameworks */,
				3CC094B92A1277D1004E1715 /* Resources */,
			);
			buildRules = (
			);
			dependencies = (
				3CC094BD2A1277D1004E1715 /* PBXTargetDependency */,
			);
			name = GoodNewsTests;
			productName = GoodNewsTests;
			productReference = 3CC094BB2A1277D1004E1715 /* GoodNewsTests.xctest */;
			productType = "com.apple.product-type.bundle.unit-test";
		};
		3CC094C42A1277D1004E1715 /* GoodNewsUITests */ = {
			isa = PBXNativeTarget;
			buildConfigurationList = 3CC094D52A1277D1004E1715 /* Build configuration list for PBXNativeTarget "GoodNewsUITests" */;
			buildPhases = (
				961457514FA550B9C297FFAD /* [CP] Check Pods Manifest.lock */,
				3CC094C12A1277D1004E1715 /* Sources */,
				3CC094C22A1277D1004E1715 /* Frameworks */,
				3CC094C32A1277D1004E1715 /* Resources */,
				DE92E9207C2CB42F0CD3810A /* [CP] Embed Pods Frameworks */,
			);
			buildRules = (
			);
			dependencies = (
				3CC094C72A1277D1004E1715 /* PBXTargetDependency */,
			);
			name = GoodNewsUITests;
			productName = GoodNewsUITests;
			productReference = 3CC094C52A1277D1004E1715 /* GoodNewsUITests.xctest */;
			productType = "com.apple.product-type.bundle.ui-testing";
		};
/* End PBXNativeTarget section */

/* Begin PBXProject section */
		3CC0949D2A1277D0004E1715 /* Project object */ = {
			isa = PBXProject;
			attributes = {
				BuildIndependentTargetsInParallel = 1;
				LastSwiftUpdateCheck = 1430;
				LastUpgradeCheck = 1430;
				TargetAttributes = {
					3CC094A42A1277D0004E1715 = {
						CreatedOnToolsVersion = 14.3;
					};
					3CC094BA2A1277D1004E1715 = {
						CreatedOnToolsVersion = 14.3;
						TestTargetID = 3CC094A42A1277D0004E1715;
					};
					3CC094C42A1277D1004E1715 = {
						CreatedOnToolsVersion = 14.3;
						TestTargetID = 3CC094A42A1277D0004E1715;
					};
				};
			};
			buildConfigurationList = 3CC094A02A1277D0004E1715 /* Build configuration list for PBXProject "GoodNews" */;
			compatibilityVersion = "Xcode 14.0";
			developmentRegion = en;
			hasScannedForEncodings = 0;
			knownRegions = (
				en,
				Base,
			);
			mainGroup = 3CC0949C2A1277D0004E1715;
			productRefGroup = 3CC094A62A1277D0004E1715 /* Products */;
			projectDirPath = "";
			projectRoot = "";
			targets = (
				3CC094A42A1277D0004E1715 /* GoodNews */,
				3CC094BA2A1277D1004E1715 /* GoodNewsTests */,
				3CC094C42A1277D1004E1715 /* GoodNewsUITests */,
			);
		};
/* End PBXProject section */

/* Begin PBXResourcesBuildPhase section */
		3CC094A32A1277D0004E1715 /* Resources */ = {
			isa = PBXResourcesBuildPhase;
			buildActionMask = 2147483647;
			files = (
				3CC094B52A1277D1004E1715 /* LaunchScreen.storyboard in Resources */,
				3CC094B22A1277D1004E1715 /* Assets.xcassets in Resources */,
				3CC094B02A1277D0004E1715 /* Main.storyboard in Resources */,
			);
			runOnlyForDeploymentPostprocessing = 0;
		};
		3CC094B92A1277D1004E1715 /* Resources */ = {
			isa = PBXResourcesBuildPhase;
			buildActionMask = 2147483647;
			files = (
			);
			runOnlyForDeploymentPostprocessing = 0;
		};
		3CC094C32A1277D1004E1715 /* Resources */ = {
			isa = PBXResourcesBuildPhase;
			buildActionMask = 2147483647;
			files = (
			);
			runOnlyForDeploymentPostprocessing = 0;
		};
/* End PBXResourcesBuildPhase section */

/* Begin PBXShellScriptBuildPhase section */
		59B4F1C0C76FD1C499D5BDA0 /* [CP] Check Pods Manifest.lock */ = {
			isa = PBXShellScriptBuildPhase;
			buildActionMask = 2147483647;
			files = (
			);
			inputFileListPaths = (
			);
			inputPaths = (
				"${PODS_PODFILE_DIR_PATH}/Podfile.lock",
				"${PODS_ROOT}/Manifest.lock",
			);
			name = "[CP] Check Pods Manifest.lock";
			outputFileListPaths = (
			);
			outputPaths = (
				"$(DERIVED_FILE_DIR)/Pods-GoodNews-checkManifestLockResult.txt",
			);
			runOnlyForDeploymentPostprocessing = 0;
			shellPath = /bin/sh;
			shellScript = "diff \"${PODS_PODFILE_DIR_PATH}/Podfile.lock\" \"${PODS_ROOT}/Manifest.lock\" > /dev/null\nif [ $? != 0 ] ; then\n    # print error to STDERR\n    echo \"error: The sandbox is not in sync with the Podfile.lock. Run 'pod install' or update your CocoaPods installation.\" >&2\n    exit 1\nfi\n# This output is used by Xcode 'outputs' to avoid re-running this script phase.\necho \"SUCCESS\" > \"${SCRIPT_OUTPUT_FILE_0}\"\n";
			showEnvVarsInLog = 0;
		};
		5C39AE1C559D640FB5CAE83E /* [CP] Embed Pods Frameworks */ = {
			isa = PBXShellScriptBuildPhase;
			buildActionMask = 2147483647;
			files = (
			);
			inputFileListPaths = (
				"${PODS_ROOT}/Target Support Files/Pods-GoodNews/Pods-GoodNews-frameworks-${CONFIGURATION}-input-files.xcfilelist",
			);
			name = "[CP] Embed Pods Frameworks";
			outputFileListPaths = (
				"${PODS_ROOT}/Target Support Files/Pods-GoodNews/Pods-GoodNews-frameworks-${CONFIGURATION}-output-files.xcfilelist",
			);
			runOnlyForDeploymentPostprocessing = 0;
			shellPath = /bin/sh;
			shellScript = "\"${PODS_ROOT}/Target Support Files/Pods-GoodNews/Pods-GoodNews-frameworks.sh\"\n";
			showEnvVarsInLog = 0;
		};
		961457514FA550B9C297FFAD /* [CP] Check Pods Manifest.lock */ = {
			isa = PBXShellScriptBuildPhase;
			buildActionMask = 2147483647;
			files = (
			);
			inputFileListPaths = (
			);
			inputPaths = (
				"${PODS_PODFILE_DIR_PATH}/Podfile.lock",
				"${PODS_ROOT}/Manifest.lock",
			);
			name = "[CP] Check Pods Manifest.lock";
			outputFileListPaths = (
			);
			outputPaths = (
				"$(DERIVED_FILE_DIR)/Pods-GoodNews-GoodNewsUITests-checkManifestLockResult.txt",
			);
			runOnlyForDeploymentPostprocessing = 0;
			shellPath = /bin/sh;
			shellScript = "diff \"${PODS_PODFILE_DIR_PATH}/Podfile.lock\" \"${PODS_ROOT}/Manifest.lock\" > /dev/null\nif [ $? != 0 ] ; then\n    # print error to STDERR\n    echo \"error: The sandbox is not in sync with the Podfile.lock. Run 'pod install' or update your CocoaPods installation.\" >&2\n    exit 1\nfi\n# This output is used by Xcode 'outputs' to avoid re-running this script phase.\necho \"SUCCESS\" > \"${SCRIPT_OUTPUT_FILE_0}\"\n";
			showEnvVarsInLog = 0;
		};
		DC9B865147B78A880A22B0FF /* [CP] Check Pods Manifest.lock */ = {
			isa = PBXShellScriptBuildPhase;
			buildActionMask = 2147483647;
			files = (
			);
			inputFileListPaths = (
			);
			inputPaths = (
				"${PODS_PODFILE_DIR_PATH}/Podfile.lock",
				"${PODS_ROOT}/Manifest.lock",
			);
			name = "[CP] Check Pods Manifest.lock";
			outputFileListPaths = (
			);
			outputPaths = (
				"$(DERIVED_FILE_DIR)/Pods-GoodNewsTests-checkManifestLockResult.txt",
			);
			runOnlyForDeploymentPostprocessing = 0;
			shellPath = /bin/sh;
			shellScript = "diff \"${PODS_PODFILE_DIR_PATH}/Podfile.lock\" \"${PODS_ROOT}/Manifest.lock\" > /dev/null\nif [ $? != 0 ] ; then\n    # print error to STDERR\n    echo \"error: The sandbox is not in sync with the Podfile.lock. Run 'pod install' or update your CocoaPods installation.\" >&2\n    exit 1\nfi\n# This output is used by Xcode 'outputs' to avoid re-running this script phase.\necho \"SUCCESS\" > \"${SCRIPT_OUTPUT_FILE_0}\"\n";
			showEnvVarsInLog = 0;
		};
		DE92E9207C2CB42F0CD3810A /* [CP] Embed Pods Frameworks */ = {
			isa = PBXShellScriptBuildPhase;
			buildActionMask = 2147483647;
			files = (
			);
			inputFileListPaths = (
				"${PODS_ROOT}/Target Support Files/Pods-GoodNews-GoodNewsUITests/Pods-GoodNews-GoodNewsUITests-frameworks-${CONFIGURATION}-input-files.xcfilelist",
			);
			name = "[CP] Embed Pods Frameworks";
			outputFileListPaths = (
				"${PODS_ROOT}/Target Support Files/Pods-GoodNews-GoodNewsUITests/Pods-GoodNews-GoodNewsUITests-frameworks-${CONFIGURATION}-output-files.xcfilelist",
			);
			runOnlyForDeploymentPostprocessing = 0;
			shellPath = /bin/sh;
			shellScript = "\"${PODS_ROOT}/Target Support Files/Pods-GoodNews-GoodNewsUITests/Pods-GoodNews-GoodNewsUITests-frameworks.sh\"\n";
			showEnvVarsInLog = 0;
		};
/* End PBXShellScriptBuildPhase section */

/* Begin PBXSourcesBuildPhase section */
		3CC094A12A1277D0004E1715 /* Sources */ = {
			isa = PBXSourcesBuildPhase;
			buildActionMask = 2147483647;
			files = (
				3C90F7202A13600C00032D78 /* ArticleTableViewCell.swift in Sources */,
				3C90F7222A13681900032D78 /* URLRequest+Extension.swift in Sources */,
				3CC094A92A1277D0004E1715 /* AppDelegate.swift in Sources */,
				3C99A0052A12917F005A5CB1 /* Article.swift in Sources */,
				3C99A0022A127CDD005A5CB1 /* NewsListTableViewController.swift in Sources */,
				3CC094AB2A1277D0004E1715 /* SceneDelegate.swift in Sources */,
			);
			runOnlyForDeploymentPostprocessing = 0;
		};
		3CC094B72A1277D1004E1715 /* Sources */ = {
			isa = PBXSourcesBuildPhase;
			buildActionMask = 2147483647;
			files = (
				3CC094C02A1277D1004E1715 /* GoodNewsTests.swift in Sources */,
			);
			runOnlyForDeploymentPostprocessing = 0;
		};
		3CC094C12A1277D1004E1715 /* Sources */ = {
			isa = PBXSourcesBuildPhase;
			buildActionMask = 2147483647;
			files = (
				3CC094CC2A1277D1004E1715 /* GoodNewsUITestsLaunchTests.swift in Sources */,
				3CC094CA2A1277D1004E1715 /* GoodNewsUITests.swift in Sources */,
			);
			runOnlyForDeploymentPostprocessing = 0;
		};
/* End PBXSourcesBuildPhase section */

/* Begin PBXTargetDependency section */
		3CC094BD2A1277D1004E1715 /* PBXTargetDependency */ = {
			isa = PBXTargetDependency;
			target = 3CC094A42A1277D0004E1715 /* GoodNews */;
			targetProxy = 3CC094BC2A1277D1004E1715 /* PBXContainerItemProxy */;
		};
		3CC094C72A1277D1004E1715 /* PBXTargetDependency */ = {
			isa = PBXTargetDependency;
			target = 3CC094A42A1277D0004E1715 /* GoodNews */;
			targetProxy = 3CC094C62A1277D1004E1715 /* PBXContainerItemProxy */;
		};
/* End PBXTargetDependency section */

/* Begin PBXVariantGroup section */
		3CC094AE2A1277D0004E1715 /* Main.storyboard */ = {
			isa = PBXVariantGroup;
			children = (
				3CC094AF2A1277D0004E1715 /* Base */,
			);
			name = Main.storyboard;
			sourceTree = "<group>";
		};
		3CC094B32A1277D1004E1715 /* LaunchScreen.storyboard */ = {
			isa = PBXVariantGroup;
			children = (
				3CC094B42A1277D1004E1715 /* Base */,
			);
			name = LaunchScreen.storyboard;
			sourceTree = "<group>";
		};
/* End PBXVariantGroup section */

/* Begin XCBuildConfiguration section */
		3CC094CD2A1277D1004E1715 /* Debug */ = {
			isa = XCBuildConfiguration;
			buildSettings = {
				ALWAYS_SEARCH_USER_PATHS = NO;
				CLANG_ANALYZER_NONNULL = YES;
				CLANG_ANALYZER_NUMBER_OBJECT_CONVERSION = YES_AGGRESSIVE;
				CLANG_CXX_LANGUAGE_STANDARD = "gnu++20";
				CLANG_ENABLE_MODULES = YES;
				CLANG_ENABLE_OBJC_ARC = YES;
				CLANG_ENABLE_OBJC_WEAK = YES;
				CLANG_WARN_BLOCK_CAPTURE_AUTORELEASING = YES;
				CLANG_WARN_BOOL_CONVERSION = YES;
				CLANG_WARN_COMMA = YES;
				CLANG_WARN_CONSTANT_CONVERSION = YES;
				CLANG_WARN_DEPRECATED_OBJC_IMPLEMENTATIONS = YES;
				CLANG_WARN_DIRECT_OBJC_ISA_USAGE = YES_ERROR;
				CLANG_WARN_DOCUMENTATION_COMMENTS = YES;
				CLANG_WARN_EMPTY_BODY = YES;
				CLANG_WARN_ENUM_CONVERSION = YES;
				CLANG_WARN_INFINITE_RECURSION = YES;
				CLANG_WARN_INT_CONVERSION = YES;
				CLANG_WARN_NON_LITERAL_NULL_CONVERSION = YES;
				CLANG_WARN_OBJC_IMPLICIT_RETAIN_SELF = YES;
				CLANG_WARN_OBJC_LITERAL_CONVERSION = YES;
				CLANG_WARN_OBJC_ROOT_CLASS = YES_ERROR;
				CLANG_WARN_QUOTED_INCLUDE_IN_FRAMEWORK_HEADER = YES;
				CLANG_WARN_RANGE_LOOP_ANALYSIS = YES;
				CLANG_WARN_STRICT_PROTOTYPES = YES;
				CLANG_WARN_SUSPICIOUS_MOVE = YES;
				CLANG_WARN_UNGUARDED_AVAILABILITY = YES_AGGRESSIVE;
				CLANG_WARN_UNREACHABLE_CODE = YES;
				CLANG_WARN__DUPLICATE_METHOD_MATCH = YES;
				COPY_PHASE_STRIP = NO;
				DEBUG_INFORMATION_FORMAT = dwarf;
				ENABLE_STRICT_OBJC_MSGSEND = YES;
				ENABLE_TESTABILITY = YES;
				GCC_C_LANGUAGE_STANDARD = gnu11;
				GCC_DYNAMIC_NO_PIC = NO;
				GCC_NO_COMMON_BLOCKS = YES;
				GCC_OPTIMIZATION_LEVEL = 0;
				GCC_PREPROCESSOR_DEFINITIONS = (
					"DEBUG=1",
					"$(inherited)",
				);
				GCC_WARN_64_TO_32_BIT_CONVERSION = YES;
				GCC_WARN_ABOUT_RETURN_TYPE = YES_ERROR;
				GCC_WARN_UNDECLARED_SELECTOR = YES;
				GCC_WARN_UNINITIALIZED_AUTOS = YES_AGGRESSIVE;
				GCC_WARN_UNUSED_FUNCTION = YES;
				GCC_WARN_UNUSED_VARIABLE = YES;
				IPHONEOS_DEPLOYMENT_TARGET = 16.4;
				MTL_ENABLE_DEBUG_INFO = INCLUDE_SOURCE;
				MTL_FAST_MATH = YES;
				ONLY_ACTIVE_ARCH = YES;
				SDKROOT = iphoneos;
				SWIFT_ACTIVE_COMPILATION_CONDITIONS = DEBUG;
				SWIFT_OPTIMIZATION_LEVEL = "-Onone";
			};
			name = Debug;
		};
		3CC094CE2A1277D1004E1715 /* Release */ = {
			isa = XCBuildConfiguration;
			buildSettings = {
				ALWAYS_SEARCH_USER_PATHS = NO;
				CLANG_ANALYZER_NONNULL = YES;
				CLANG_ANALYZER_NUMBER_OBJECT_CONVERSION = YES_AGGRESSIVE;
				CLANG_CXX_LANGUAGE_STANDARD = "gnu++20";
				CLANG_ENABLE_MODULES = YES;
				CLANG_ENABLE_OBJC_ARC = YES;
				CLANG_ENABLE_OBJC_WEAK = YES;
				CLANG_WARN_BLOCK_CAPTURE_AUTORELEASING = YES;
				CLANG_WARN_BOOL_CONVERSION = YES;
				CLANG_WARN_COMMA = YES;
				CLANG_WARN_CONSTANT_CONVERSION = YES;
				CLANG_WARN_DEPRECATED_OBJC_IMPLEMENTATIONS = YES;
				CLANG_WARN_DIRECT_OBJC_ISA_USAGE = YES_ERROR;
				CLANG_WARN_DOCUMENTATION_COMMENTS = YES;
				CLANG_WARN_EMPTY_BODY = YES;
				CLANG_WARN_ENUM_CONVERSION = YES;
				CLANG_WARN_INFINITE_RECURSION = YES;
				CLANG_WARN_INT_CONVERSION = YES;
				CLANG_WARN_NON_LITERAL_NULL_CONVERSION = YES;
				CLANG_WARN_OBJC_IMPLICIT_RETAIN_SELF = YES;
				CLANG_WARN_OBJC_LITERAL_CONVERSION = YES;
				CLANG_WARN_OBJC_ROOT_CLASS = YES_ERROR;
				CLANG_WARN_QUOTED_INCLUDE_IN_FRAMEWORK_HEADER = YES;
				CLANG_WARN_RANGE_LOOP_ANALYSIS = YES;
				CLANG_WARN_STRICT_PROTOTYPES = YES;
				CLANG_WARN_SUSPICIOUS_MOVE = YES;
				CLANG_WARN_UNGUARDED_AVAILABILITY = YES_AGGRESSIVE;
				CLANG_WARN_UNREACHABLE_CODE = YES;
				CLANG_WARN__DUPLICATE_METHOD_MATCH = YES;
				COPY_PHASE_STRIP = NO;
				DEBUG_INFORMATION_FORMAT = "dwarf-with-dsym";
				ENABLE_NS_ASSERTIONS = NO;
				ENABLE_STRICT_OBJC_MSGSEND = YES;
				GCC_C_LANGUAGE_STANDARD = gnu11;
				GCC_NO_COMMON_BLOCKS = YES;
				GCC_WARN_64_TO_32_BIT_CONVERSION = YES;
				GCC_WARN_ABOUT_RETURN_TYPE = YES_ERROR;
				GCC_WARN_UNDECLARED_SELECTOR = YES;
				GCC_WARN_UNINITIALIZED_AUTOS = YES_AGGRESSIVE;
				GCC_WARN_UNUSED_FUNCTION = YES;
				GCC_WARN_UNUSED_VARIABLE = YES;
				IPHONEOS_DEPLOYMENT_TARGET = 16.4;
				MTL_ENABLE_DEBUG_INFO = NO;
				MTL_FAST_MATH = YES;
				SDKROOT = iphoneos;
				SWIFT_COMPILATION_MODE = wholemodule;
				SWIFT_OPTIMIZATION_LEVEL = "-O";
				VALIDATE_PRODUCT = YES;
			};
			name = Release;
		};
		3CC094D02A1277D1004E1715 /* Debug */ = {
			isa = XCBuildConfiguration;
			baseConfigurationReference = 55A772127B1DB3F77E0CE946 /* Pods-GoodNews.debug.xcconfig */;
			buildSettings = {
				ASSETCATALOG_COMPILER_APPICON_NAME = AppIcon;
				ASSETCATALOG_COMPILER_GLOBAL_ACCENT_COLOR_NAME = AccentColor;
				CODE_SIGN_STYLE = Automatic;
				CURRENT_PROJECT_VERSION = 1;
				DEVELOPMENT_TEAM = 7X48R5E6LJ;
				GENERATE_INFOPLIST_FILE = YES;
				INFOPLIST_FILE = GoodNews/Info.plist;
				INFOPLIST_KEY_UIApplicationSupportsIndirectInputEvents = YES;
				INFOPLIST_KEY_UILaunchStoryboardName = LaunchScreen;
				INFOPLIST_KEY_UIMainStoryboardFile = Main;
				INFOPLIST_KEY_UIStatusBarStyle = UIStatusBarStyleLightContent;
				INFOPLIST_KEY_UISupportedInterfaceOrientations_iPad = "UIInterfaceOrientationPortrait UIInterfaceOrientationPortraitUpsideDown UIInterfaceOrientationLandscapeLeft UIInterfaceOrientationLandscapeRight";
				INFOPLIST_KEY_UISupportedInterfaceOrientations_iPhone = "UIInterfaceOrientationPortrait UIInterfaceOrientationLandscapeLeft UIInterfaceOrientationLandscapeRight";
				LD_RUNPATH_SEARCH_PATHS = (
					"$(inherited)",
					"@executable_path/Frameworks",
				);
				MARKETING_VERSION = 1.0;
				PRODUCT_BUNDLE_IDENTIFIER = napps.GoodNews;
				PRODUCT_NAME = "$(TARGET_NAME)";
				SWIFT_EMIT_LOC_STRINGS = YES;
				SWIFT_VERSION = 5.0;
				TARGETED_DEVICE_FAMILY = "1,2";
			};
			name = Debug;
		};
		3CC094D12A1277D1004E1715 /* Release */ = {
			isa = XCBuildConfiguration;
			baseConfigurationReference = 13E4CCB37A1FC574AB12AB27 /* Pods-GoodNews.release.xcconfig */;
			buildSettings = {
				ASSETCATALOG_COMPILER_APPICON_NAME = AppIcon;
				ASSETCATALOG_COMPILER_GLOBAL_ACCENT_COLOR_NAME = AccentColor;
				CODE_SIGN_STYLE = Automatic;
				CURRENT_PROJECT_VERSION = 1;
				DEVELOPMENT_TEAM = 7X48R5E6LJ;
				GENERATE_INFOPLIST_FILE = YES;
				INFOPLIST_FILE = GoodNews/Info.plist;
				INFOPLIST_KEY_UIApplicationSupportsIndirectInputEvents = YES;
				INFOPLIST_KEY_UILaunchStoryboardName = LaunchScreen;
				INFOPLIST_KEY_UIMainStoryboardFile = Main;
				INFOPLIST_KEY_UIStatusBarStyle = UIStatusBarStyleLightContent;
				INFOPLIST_KEY_UISupportedInterfaceOrientations_iPad = "UIInterfaceOrientationPortrait UIInterfaceOrientationPortraitUpsideDown UIInterfaceOrientationLandscapeLeft UIInterfaceOrientationLandscapeRight";
				INFOPLIST_KEY_UISupportedInterfaceOrientations_iPhone = "UIInterfaceOrientationPortrait UIInterfaceOrientationLandscapeLeft UIInterfaceOrientationLandscapeRight";
				LD_RUNPATH_SEARCH_PATHS = (
					"$(inherited)",
					"@executable_path/Frameworks",
				);
				MARKETING_VERSION = 1.0;
				PRODUCT_BUNDLE_IDENTIFIER = napps.GoodNews;
				PRODUCT_NAME = "$(TARGET_NAME)";
				SWIFT_EMIT_LOC_STRINGS = YES;
				SWIFT_VERSION = 5.0;
				TARGETED_DEVICE_FAMILY = "1,2";
			};
			name = Release;
		};
		3CC094D32A1277D1004E1715 /* Debug */ = {
			isa = XCBuildConfiguration;
			baseConfigurationReference = 75C0ACDDF7815706453E7EB7 /* Pods-GoodNewsTests.debug.xcconfig */;
			buildSettings = {
				ALWAYS_EMBED_SWIFT_STANDARD_LIBRARIES = YES;
				BUNDLE_LOADER = "$(TEST_HOST)";
				CODE_SIGN_STYLE = Automatic;
				CURRENT_PROJECT_VERSION = 1;
				DEVELOPMENT_TEAM = 7X48R5E6LJ;
				GENERATE_INFOPLIST_FILE = YES;
				IPHONEOS_DEPLOYMENT_TARGET = 16.4;
				MARKETING_VERSION = 1.0;
				PRODUCT_BUNDLE_IDENTIFIER = napps.GoodNewsTests;
				PRODUCT_NAME = "$(TARGET_NAME)";
				SWIFT_EMIT_LOC_STRINGS = NO;
				SWIFT_VERSION = 5.0;
				TARGETED_DEVICE_FAMILY = "1,2";
				TEST_HOST = "$(BUILT_PRODUCTS_DIR)/GoodNews.app/$(BUNDLE_EXECUTABLE_FOLDER_PATH)/GoodNews";
			};
			name = Debug;
		};
		3CC094D42A1277D1004E1715 /* Release */ = {
			isa = XCBuildConfiguration;
			baseConfigurationReference = 7597B7EBDF9C137D09667B2F /* Pods-GoodNewsTests.release.xcconfig */;
			buildSettings = {
				ALWAYS_EMBED_SWIFT_STANDARD_LIBRARIES = YES;
				BUNDLE_LOADER = "$(TEST_HOST)";
				CODE_SIGN_STYLE = Automatic;
				CURRENT_PROJECT_VERSION = 1;
				DEVELOPMENT_TEAM = 7X48R5E6LJ;
				GENERATE_INFOPLIST_FILE = YES;
				IPHONEOS_DEPLOYMENT_TARGET = 16.4;
				MARKETING_VERSION = 1.0;
				PRODUCT_BUNDLE_IDENTIFIER = napps.GoodNewsTests;
				PRODUCT_NAME = "$(TARGET_NAME)";
				SWIFT_EMIT_LOC_STRINGS = NO;
				SWIFT_VERSION = 5.0;
				TARGETED_DEVICE_FAMILY = "1,2";
				TEST_HOST = "$(BUILT_PRODUCTS_DIR)/GoodNews.app/$(BUNDLE_EXECUTABLE_FOLDER_PATH)/GoodNews";
			};
			name = Release;
		};
		3CC094D62A1277D1004E1715 /* Debug */ = {
			isa = XCBuildConfiguration;
			baseConfigurationReference = 0E668EA3EBB0991AAA3682D9 /* Pods-GoodNews-GoodNewsUITests.debug.xcconfig */;
			buildSettings = {
				ALWAYS_EMBED_SWIFT_STANDARD_LIBRARIES = YES;
				CODE_SIGN_STYLE = Automatic;
				CURRENT_PROJECT_VERSION = 1;
				DEVELOPMENT_TEAM = 7X48R5E6LJ;
				GENERATE_INFOPLIST_FILE = YES;
				MARKETING_VERSION = 1.0;
				PRODUCT_BUNDLE_IDENTIFIER = napps.GoodNewsUITests;
				PRODUCT_NAME = "$(TARGET_NAME)";
				SWIFT_EMIT_LOC_STRINGS = NO;
				SWIFT_VERSION = 5.0;
				TARGETED_DEVICE_FAMILY = "1,2";
				TEST_TARGET_NAME = GoodNews;
			};
			name = Debug;
		};
		3CC094D72A1277D1004E1715 /* Release */ = {
			isa = XCBuildConfiguration;
			baseConfigurationReference = 1ADDB8AFB0350DAA576C7C5F /* Pods-GoodNews-GoodNewsUITests.release.xcconfig */;
			buildSettings = {
				ALWAYS_EMBED_SWIFT_STANDARD_LIBRARIES = YES;
				CODE_SIGN_STYLE = Automatic;
				CURRENT_PROJECT_VERSION = 1;
				DEVELOPMENT_TEAM = 7X48R5E6LJ;
				GENERATE_INFOPLIST_FILE = YES;
				MARKETING_VERSION = 1.0;
				PRODUCT_BUNDLE_IDENTIFIER = napps.GoodNewsUITests;
				PRODUCT_NAME = "$(TARGET_NAME)";
				SWIFT_EMIT_LOC_STRINGS = NO;
				SWIFT_VERSION = 5.0;
				TARGETED_DEVICE_FAMILY = "1,2";
				TEST_TARGET_NAME = GoodNews;
			};
			name = Release;
		};
/* End XCBuildConfiguration section */

/* Begin XCConfigurationList section */
		3CC094A02A1277D0004E1715 /* Build configuration list for PBXProject "GoodNews" */ = {
			isa = XCConfigurationList;
			buildConfigurations = (
				3CC094CD2A1277D1004E1715 /* Debug */,
				3CC094CE2A1277D1004E1715 /* Release */,
			);
			defaultConfigurationIsVisible = 0;
			defaultConfigurationName = Release;
		};
		3CC094CF2A1277D1004E1715 /* Build configuration list for PBXNativeTarget "GoodNews" */ = {
			isa = XCConfigurationList;
			buildConfigurations = (
				3CC094D02A1277D1004E1715 /* Debug */,
				3CC094D12A1277D1004E1715 /* Release */,
			);
			defaultConfigurationIsVisible = 0;
			defaultConfigurationName = Release;
		};
		3CC094D22A1277D1004E1715 /* Build configuration list for PBXNativeTarget "GoodNewsTests" */ = {
			isa = XCConfigurationList;
			buildConfigurations = (
				3CC094D32A1277D1004E1715 /* Debug */,
				3CC094D42A1277D1004E1715 /* Release */,
			);
			defaultConfigurationIsVisible = 0;
			defaultConfigurationName = Release;
		};
		3CC094D52A1277D1004E1715 /* Build configuration list for PBXNativeTarget "GoodNewsUITests" */ = {
			isa = XCConfigurationList;
			buildConfigurations = (
				3CC094D62A1277D1004E1715 /* Debug */,
				3CC094D72A1277D1004E1715 /* Release */,
			);
			defaultConfigurationIsVisible = 0;
			defaultConfigurationName = Release;
		};
/* End XCConfigurationList section */
	};
	rootObject = 3CC0949D2A1277D0004E1715 /* Project object */;
}
